
Microsoft Visual Studio Solution File, Format Version 12.00
# Visual Studio Version 17
VisualStudioVersion = 17.1.32319.34
MinimumVisualStudioVersion = 10.0.40219.1
Project("{FAE04EC0-301F-11D3-BF4B-00C04F79EFBC}") = "WpfMultiWindowSample", "WpfMultiWindowSample\WpfMultiWindowSample.csproj", "{8FB933AA-B496-4CE2-B8C7-3ACD10C83B4E}"
EndProject
Global
	GlobalSection(SolutionConfigurationPlatforms) = preSolution
		Debug|Any CPU = Debug|Any CPU
		Release|Any CPU = Release|Any CPU
	EndGlobalSection
	GlobalSection(ProjectConfigurationPlatforms) = postSolution
		{8FB933AA-B496-4CE2-B8C7-3ACD10C83B4E}.Debug|Any CPU.ActiveCfg = Debug|Any CPU
		{8FB933AA-B496-4CE2-B8C7-3ACD10C83B4E}.Debug|Any CPU.Build.0 = Debug|Any CPU
		{8FB933AA-B496-4CE2-B8C7-3ACD10C83B4E}.Release|Any CPU.ActiveCfg = Release|Any CPU
		{8FB933AA-B496-4CE2-B8C7-3ACD10C83B4E}.Release|Any CPU.Build.0 = Release|Any CPU
	EndGlobalSection
	GlobalSection(SolutionProperties) = preSolution
		HideSolutionNode = FALSE
	EndGlobalSection
	GlobalSection(ExtensibilityGlobals) = postSolution
		SolutionGuid = {E201834E-D6CD-41DC-A60D-EE00377B7962}
	EndGlobalSection
EndGlobal
