
Microsoft Visual Studio Solution File, Format Version 12.00
# Visual Studio Version 17
VisualStudioVersion = 17.2.32602.215
MinimumVisualStudioVersion = 10.0.40219.1
Project("{9A19103F-16F7-4668-BE54-9A1E7A4F7556}") = "Actions", "Actions\Actions.csproj", "{B2FA5150-470A-4864-A191-7BCAE39DF35A}"
EndProject
Project("{9A19103F-16F7-4668-BE54-9A1E7A4F7556}") = "ActionsTests", "ActionsTests\ActionsTests.csproj", "{1E26E004-331B-49DF-88C0-D8780B7566AD}"
EndProject
Project("{9A19103F-16F7-4668-BE54-9A1E7A4F7556}") = "Automation", "Automation\Automation.csproj", "{AE5EC69F-158A-41C8-AD2B-EC7B84D820EF}"
EndProject
Project("{9A19103F-16F7-4668-BE54-9A1E7A4F7556}") = "AutomationTests", "AutomationTests\AutomationTests.csproj", "{6DEDB6A2-2D5D-45E9-9B71-8ED6AFD8167C}"
	ProjectSection(ProjectDependencies) = postProject
		{DCD83A54-54DA-4131-A852-2A129DB3ACB8} = {DCD83A54-54DA-4131-A852-2A129DB3ACB8}
	EndProjectSection
EndProject
Project("{9A19103F-16F7-4668-BE54-9A1E7A4F7556}") = "Core", "Core\Core.csproj", "{2DA36FA6-4FF8-4DB4-AA7E-2F1CACAE6E35}"
EndProject
Project("{9A19103F-16F7-4668-BE54-9A1E7A4F7556}") = "CoreTests", "CoreTests\CoreTests.csproj", "{BD29FE9B-6FB1-4141-92A5-34C4CAED8274}"
EndProject
Project("{9A19103F-16F7-4668-BE54-9A1E7A4F7556}") = "Desktop", "Desktop\Desktop.csproj", "{0B9855FD-7B04-415C-A813-DA9697693FDA}"
	ProjectSection(ProjectDependencies) = postProject
		{54177AEF-1D6D-42EE-8922-3630413917EA} = {54177AEF-1D6D-42EE-8922-3630413917EA}
	EndProjectSection
EndProject
Project("{9A19103F-16F7-4668-BE54-9A1E7A4F7556}") = "DesktopTests", "DesktopTests\DesktopTests.csproj", "{AB9E59B6-54CE-4F5D-8055-8AD6745F3B84}"
	ProjectSection(ProjectDependencies) = postProject
		{54177AEF-1D6D-42EE-8922-3630413917EA} = {54177AEF-1D6D-42EE-8922-3630413917EA}
	EndProjectSection
EndProject
Project("{9A19103F-16F7-4668-BE54-9A1E7A4F7556}") = "Rules", "Rules\Rules.csproj", "{7FE58829-560E-4142-BF81-291A66D3844B}"
EndProject
Project("{9A19103F-16F7-4668-BE54-9A1E7A4F7556}") = "RuleSelection", "RuleSelection\RuleSelection.csproj", "{AB7195E3-A01D-4708-87AF-08E9418AE33F}"
EndProject
Project("{9A19103F-16F7-4668-BE54-9A1E7A4F7556}") = "RuleSelectionTests", "RuleSelectionTests\RuleSelectionTests.csproj", "{885E4A4A-CFCA-4F31-986E-AD04A8B60B60}"
EndProject
Project("{9A19103F-16F7-4668-BE54-9A1E7A4F7556}") = "UnitTestSharedLibrary", "UnitTestSharedLibrary\UnitTestSharedLibrary.csproj", "{01DC8363-73BC-47FA-BD23-12AC45618E1D}"
EndProject
Project("{9A19103F-16F7-4668-BE54-9A1E7A4F7556}") = "Win32Tests", "Win32Tests\Win32Tests.csproj", "{89B6DFE3-5FC4-461C-8D8A-7382AC89AD28}"
EndProject
Project("{9A19103F-16F7-4668-BE54-9A1E7A4F7556}") = "RulesTests", "RulesTest\RulesTests.csproj", "{EB28AA55-C07A-4EE4-AAAE-49338F3590A6}"
EndProject
Project("{FAE04EC0-301F-11D3-BF4B-00C04F79EFBC}") = "CI", "CI\CI.csproj", "{32273060-8BBE-4BB6-9198-50F9C680BE60}"
EndProject
Project("{9A19103F-16F7-4668-BE54-9A1E7A4F7556}") = "SystemAbstractions", "SystemAbstractions\SystemAbstractions.csproj", "{7E616C64-EAD7-458C-92AC-B50643E64D38}"
EndProject
Project("{9A19103F-16F7-4668-BE54-9A1E7A4F7556}") = "SystemAbstractionsTests", "SystemAbstractionsTests\SystemAbstractionsTests.csproj", "{683CBD73-C7B8-4662-A9DE-96E434E167D5}"
EndProject
Project("{9A19103F-16F7-4668-BE54-9A1E7A4F7556}") = "Win32", "Win32\Win32.csproj", "{07D333BB-1BA9-4868-A8BD-0B8F9861E70F}"
EndProject
Project("{9A19103F-16F7-4668-BE54-9A1E7A4F7556}") = "OldFileVersionCompatibilityTests", "OldFileVersionCompatibilityTests\OldFileVersionCompatibilityTests.csproj", "{21F31760-D98D-41E6-BB7A-52619ED460C5}"
EndProject
Project("{FAE04EC0-301F-11D3-BF4B-00C04F79EFBC}") = "CurrentFileVersionCompatibilityTests", "CurrentFileVersionCompatibilityTests\CurrentFileVersionCompatibilityTests.csproj", "{DCD83A54-54DA-4131-A852-2A129DB3ACB8}"
EndProject
Project("{FAE04EC0-301F-11D3-BF4B-00C04F79EFBC}") = "RulesMD", "RulesMD\RulesMD.csproj", "{8380D3D7-3A17-42DE-96BE-721A83AD8E2E}"
EndProject
Project("{9A19103F-16F7-4668-BE54-9A1E7A4F7556}") = "Telemetry", "Telemetry\Telemetry.csproj", "{BB5FF97B-A758-40B1-B3FF-2DC1980BA3CB}"
EndProject
Project("{9A19103F-16F7-4668-BE54-9A1E7A4F7556}") = "TelemetryTests", "TelemetryTests\TelemetryTests.csproj", "{272A1545-50DB-4FF8-958F-7A2BB29D9CB7}"
EndProject
Project("{9A19103F-16F7-4668-BE54-9A1E7A4F7556}") = "CLI", "CLI\CLI.csproj", "{EE543183-CD9C-4AED-A5F8-12CBCBDBB3C4}"
EndProject
Project("{9A19103F-16F7-4668-BE54-9A1E7A4F7556}") = "CLITests", "CLITests\CLITests.csproj", "{150B9D9D-3E76-40D2-A265-1AD829390598}"
EndProject
Project("{930C7802-8A8C-48F9-8165-68863BCCD9DD}") = "CLI_Installer", "CLI_Installer\CLI_Installer.wixproj", "{8A086B12-CD59-4B37-89DB-499820D9435D}"
	ProjectSection(ProjectDependencies) = postProject
		{EA268022-DB48-4958-BF9E-A29BF90F51D2} = {EA268022-DB48-4958-BF9E-A29BF90F51D2}
		{EE543183-CD9C-4AED-A5F8-12CBCBDBB3C4} = {EE543183-CD9C-4AED-A5F8-12CBCBDBB3C4}
	EndProjectSection
EndProject
Project("{9A19103F-16F7-4668-BE54-9A1E7A4F7556}") = "CLI_Full", "CLI_Full\CLI_Full.csproj", "{EA268022-DB48-4958-BF9E-A29BF90F51D2}"
	ProjectSection(ProjectDependencies) = postProject
		{EE543183-CD9C-4AED-A5F8-12CBCBDBB3C4} = {EE543183-CD9C-4AED-A5F8-12CBCBDBB3C4}
	EndProjectSection
EndProject
Project("{9A19103F-16F7-4668-BE54-9A1E7A4F7556}") = "InteropDummy", "InteropDummy\InteropDummy.csproj", "{54177AEF-1D6D-42EE-8922-3630413917EA}"
	ProjectSection(ProjectDependencies) = postProject
		{7E616C64-EAD7-458C-92AC-B50643E64D38} = {7E616C64-EAD7-458C-92AC-B50643E64D38}
	EndProjectSection
EndProject
Project("{2150E333-8FDC-42A3-9474-1A3956D46DE8}") = "Solution Items", "Solution Items", "{7B4C4F1E-5D41-4052-81F6-BA8534F2DFD4}"
	ProjectSection(SolutionItems) = preProject
		.editorconfig = .editorconfig
	EndProjectSection
EndProject
Project("{9A19103F-16F7-4668-BE54-9A1E7A4F7556}") = "MsiFileTests", "MsiFileTests\MsiFileTests.csproj", "{F2668943-4334-44BB-B80B-FEAA009599DB}"
	ProjectSection(ProjectDependencies) = postProject
		{8A086B12-CD59-4B37-89DB-499820D9435D} = {8A086B12-CD59-4B37-89DB-499820D9435D}
	EndProjectSection
EndProject
Global
	GlobalSection(SolutionConfigurationPlatforms) = preSolution
		Debug|Any CPU = Debug|Any CPU
		Debug|x64 = Debug|x64
		Debug|x86 = Debug|x86
		Release|Any CPU = Release|Any CPU
		Release|x64 = Release|x64
		Release|x86 = Release|x86
	EndGlobalSection
	GlobalSection(ProjectConfigurationPlatforms) = postSolution
		{B2FA5150-470A-4864-A191-7BCAE39DF35A}.Debug|Any CPU.ActiveCfg = Debug|Any CPU
		{B2FA5150-470A-4864-A191-7BCAE39DF35A}.Debug|Any CPU.Build.0 = Debug|Any CPU
		{B2FA5150-470A-4864-A191-7BCAE39DF35A}.Debug|x64.ActiveCfg = Debug|Any CPU
		{B2FA5150-470A-4864-A191-7BCAE39DF35A}.Debug|x64.Build.0 = Debug|Any CPU
		{B2FA5150-470A-4864-A191-7BCAE39DF35A}.Debug|x86.ActiveCfg = Debug|Any CPU
		{B2FA5150-470A-4864-A191-7BCAE39DF35A}.Debug|x86.Build.0 = Debug|Any CPU
		{B2FA5150-470A-4864-A191-7BCAE39DF35A}.Release|Any CPU.ActiveCfg = Release|Any CPU
		{B2FA5150-470A-4864-A191-7BCAE39DF35A}.Release|Any CPU.Build.0 = Release|Any CPU
		{B2FA5150-470A-4864-A191-7BCAE39DF35A}.Release|x64.ActiveCfg = Release|Any CPU
		{B2FA5150-470A-4864-A191-7BCAE39DF35A}.Release|x64.Build.0 = Release|Any CPU
		{B2FA5150-470A-4864-A191-7BCAE39DF35A}.Release|x86.ActiveCfg = Release|Any CPU
		{B2FA5150-470A-4864-A191-7BCAE39DF35A}.Release|x86.Build.0 = Release|Any CPU
		{1E26E004-331B-49DF-88C0-D8780B7566AD}.Debug|Any CPU.ActiveCfg = Debug|Any CPU
		{1E26E004-331B-49DF-88C0-D8780B7566AD}.Debug|Any CPU.Build.0 = Debug|Any CPU
		{1E26E004-331B-49DF-88C0-D8780B7566AD}.Debug|x64.ActiveCfg = Debug|Any CPU
		{1E26E004-331B-49DF-88C0-D8780B7566AD}.Debug|x64.Build.0 = Debug|Any CPU
		{1E26E004-331B-49DF-88C0-D8780B7566AD}.Debug|x86.ActiveCfg = Debug|Any CPU
		{1E26E004-331B-49DF-88C0-D8780B7566AD}.Debug|x86.Build.0 = Debug|Any CPU
		{1E26E004-331B-49DF-88C0-D8780B7566AD}.Release|Any CPU.ActiveCfg = Release|Any CPU
		{1E26E004-331B-49DF-88C0-D8780B7566AD}.Release|Any CPU.Build.0 = Release|Any CPU
		{1E26E004-331B-49DF-88C0-D8780B7566AD}.Release|x64.ActiveCfg = Release|Any CPU
		{1E26E004-331B-49DF-88C0-D8780B7566AD}.Release|x64.Build.0 = Release|Any CPU
		{1E26E004-331B-49DF-88C0-D8780B7566AD}.Release|x86.ActiveCfg = Release|Any CPU
		{1E26E004-331B-49DF-88C0-D8780B7566AD}.Release|x86.Build.0 = Release|Any CPU
		{AE5EC69F-158A-41C8-AD2B-EC7B84D820EF}.Debug|Any CPU.ActiveCfg = Debug|Any CPU
		{AE5EC69F-158A-41C8-AD2B-EC7B84D820EF}.Debug|Any CPU.Build.0 = Debug|Any CPU
		{AE5EC69F-158A-41C8-AD2B-EC7B84D820EF}.Debug|x64.ActiveCfg = Debug|Any CPU
		{AE5EC69F-158A-41C8-AD2B-EC7B84D820EF}.Debug|x64.Build.0 = Debug|Any CPU
		{AE5EC69F-158A-41C8-AD2B-EC7B84D820EF}.Debug|x86.ActiveCfg = Debug|Any CPU
		{AE5EC69F-158A-41C8-AD2B-EC7B84D820EF}.Debug|x86.Build.0 = Debug|Any CPU
		{AE5EC69F-158A-41C8-AD2B-EC7B84D820EF}.Release|Any CPU.ActiveCfg = Release|Any CPU
		{AE5EC69F-158A-41C8-AD2B-EC7B84D820EF}.Release|Any CPU.Build.0 = Release|Any CPU
		{AE5EC69F-158A-41C8-AD2B-EC7B84D820EF}.Release|x64.ActiveCfg = Release|Any CPU
		{AE5EC69F-158A-41C8-AD2B-EC7B84D820EF}.Release|x64.Build.0 = Release|Any CPU
		{AE5EC69F-158A-41C8-AD2B-EC7B84D820EF}.Release|x86.ActiveCfg = Release|Any CPU
		{AE5EC69F-158A-41C8-AD2B-EC7B84D820EF}.Release|x86.Build.0 = Release|Any CPU
		{6DEDB6A2-2D5D-45E9-9B71-8ED6AFD8167C}.Debug|Any CPU.ActiveCfg = Debug|Any CPU
		{6DEDB6A2-2D5D-45E9-9B71-8ED6AFD8167C}.Debug|Any CPU.Build.0 = Debug|Any CPU
		{6DEDB6A2-2D5D-45E9-9B71-8ED6AFD8167C}.Debug|x64.ActiveCfg = Debug|Any CPU
		{6DEDB6A2-2D5D-45E9-9B71-8ED6AFD8167C}.Debug|x64.Build.0 = Debug|Any CPU
		{6DEDB6A2-2D5D-45E9-9B71-8ED6AFD8167C}.Debug|x86.ActiveCfg = Debug|Any CPU
		{6DEDB6A2-2D5D-45E9-9B71-8ED6AFD8167C}.Debug|x86.Build.0 = Debug|Any CPU
		{6DEDB6A2-2D5D-45E9-9B71-8ED6AFD8167C}.Release|Any CPU.ActiveCfg = Release|Any CPU
		{6DEDB6A2-2D5D-45E9-9B71-8ED6AFD8167C}.Release|Any CPU.Build.0 = Release|Any CPU
		{6DEDB6A2-2D5D-45E9-9B71-8ED6AFD8167C}.Release|x64.ActiveCfg = Release|Any CPU
		{6DEDB6A2-2D5D-45E9-9B71-8ED6AFD8167C}.Release|x64.Build.0 = Release|Any CPU
		{6DEDB6A2-2D5D-45E9-9B71-8ED6AFD8167C}.Release|x86.ActiveCfg = Release|Any CPU
		{6DEDB6A2-2D5D-45E9-9B71-8ED6AFD8167C}.Release|x86.Build.0 = Release|Any CPU
		{2DA36FA6-4FF8-4DB4-AA7E-2F1CACAE6E35}.Debug|Any CPU.ActiveCfg = Debug|Any CPU
		{2DA36FA6-4FF8-4DB4-AA7E-2F1CACAE6E35}.Debug|Any CPU.Build.0 = Debug|Any CPU
		{2DA36FA6-4FF8-4DB4-AA7E-2F1CACAE6E35}.Debug|x64.ActiveCfg = Debug|Any CPU
		{2DA36FA6-4FF8-4DB4-AA7E-2F1CACAE6E35}.Debug|x64.Build.0 = Debug|Any CPU
		{2DA36FA6-4FF8-4DB4-AA7E-2F1CACAE6E35}.Debug|x86.ActiveCfg = Debug|Any CPU
		{2DA36FA6-4FF8-4DB4-AA7E-2F1CACAE6E35}.Debug|x86.Build.0 = Debug|Any CPU
		{2DA36FA6-4FF8-4DB4-AA7E-2F1CACAE6E35}.Release|Any CPU.ActiveCfg = Release|Any CPU
		{2DA36FA6-4FF8-4DB4-AA7E-2F1CACAE6E35}.Release|Any CPU.Build.0 = Release|Any CPU
		{2DA36FA6-4FF8-4DB4-AA7E-2F1CACAE6E35}.Release|x64.ActiveCfg = Release|Any CPU
		{2DA36FA6-4FF8-4DB4-AA7E-2F1CACAE6E35}.Release|x64.Build.0 = Release|Any CPU
		{2DA36FA6-4FF8-4DB4-AA7E-2F1CACAE6E35}.Release|x86.ActiveCfg = Release|Any CPU
		{2DA36FA6-4FF8-4DB4-AA7E-2F1CACAE6E35}.Release|x86.Build.0 = Release|Any CPU
		{BD29FE9B-6FB1-4141-92A5-34C4CAED8274}.Debug|Any CPU.ActiveCfg = Debug|Any CPU
		{BD29FE9B-6FB1-4141-92A5-34C4CAED8274}.Debug|Any CPU.Build.0 = Debug|Any CPU
		{BD29FE9B-6FB1-4141-92A5-34C4CAED8274}.Debug|x64.ActiveCfg = Debug|Any CPU
		{BD29FE9B-6FB1-4141-92A5-34C4CAED8274}.Debug|x64.Build.0 = Debug|Any CPU
		{BD29FE9B-6FB1-4141-92A5-34C4CAED8274}.Debug|x86.ActiveCfg = Debug|Any CPU
		{BD29FE9B-6FB1-4141-92A5-34C4CAED8274}.Debug|x86.Build.0 = Debug|Any CPU
		{BD29FE9B-6FB1-4141-92A5-34C4CAED8274}.Release|Any CPU.ActiveCfg = Release|Any CPU
		{BD29FE9B-6FB1-4141-92A5-34C4CAED8274}.Release|Any CPU.Build.0 = Release|Any CPU
		{BD29FE9B-6FB1-4141-92A5-34C4CAED8274}.Release|x64.ActiveCfg = Release|Any CPU
		{BD29FE9B-6FB1-4141-92A5-34C4CAED8274}.Release|x64.Build.0 = Release|Any CPU
		{BD29FE9B-6FB1-4141-92A5-34C4CAED8274}.Release|x86.ActiveCfg = Release|Any CPU
		{BD29FE9B-6FB1-4141-92A5-34C4CAED8274}.Release|x86.Build.0 = Release|Any CPU
		{0B9855FD-7B04-415C-A813-DA9697693FDA}.Debug|Any CPU.ActiveCfg = Debug|Any CPU
		{0B9855FD-7B04-415C-A813-DA9697693FDA}.Debug|Any CPU.Build.0 = Debug|Any CPU
		{0B9855FD-7B04-415C-A813-DA9697693FDA}.Debug|x64.ActiveCfg = Debug|Any CPU
		{0B9855FD-7B04-415C-A813-DA9697693FDA}.Debug|x64.Build.0 = Debug|Any CPU
		{0B9855FD-7B04-415C-A813-DA9697693FDA}.Debug|x86.ActiveCfg = Debug|Any CPU
		{0B9855FD-7B04-415C-A813-DA9697693FDA}.Debug|x86.Build.0 = Debug|Any CPU
		{0B9855FD-7B04-415C-A813-DA9697693FDA}.Release|Any CPU.ActiveCfg = Release|Any CPU
		{0B9855FD-7B04-415C-A813-DA9697693FDA}.Release|Any CPU.Build.0 = Release|Any CPU
		{0B9855FD-7B04-415C-A813-DA9697693FDA}.Release|x64.ActiveCfg = Release|Any CPU
		{0B9855FD-7B04-415C-A813-DA9697693FDA}.Release|x64.Build.0 = Release|Any CPU
		{0B9855FD-7B04-415C-A813-DA9697693FDA}.Release|x86.ActiveCfg = Release|Any CPU
		{0B9855FD-7B04-415C-A813-DA9697693FDA}.Release|x86.Build.0 = Release|Any CPU
		{AB9E59B6-54CE-4F5D-8055-8AD6745F3B84}.Debug|Any CPU.ActiveCfg = Debug|Any CPU
		{AB9E59B6-54CE-4F5D-8055-8AD6745F3B84}.Debug|Any CPU.Build.0 = Debug|Any CPU
		{AB9E59B6-54CE-4F5D-8055-8AD6745F3B84}.Debug|x64.ActiveCfg = Debug|Any CPU
		{AB9E59B6-54CE-4F5D-8055-8AD6745F3B84}.Debug|x64.Build.0 = Debug|Any CPU
		{AB9E59B6-54CE-4F5D-8055-8AD6745F3B84}.Debug|x86.ActiveCfg = Debug|Any CPU
		{AB9E59B6-54CE-4F5D-8055-8AD6745F3B84}.Debug|x86.Build.0 = Debug|Any CPU
		{AB9E59B6-54CE-4F5D-8055-8AD6745F3B84}.Release|Any CPU.ActiveCfg = Release|Any CPU
		{AB9E59B6-54CE-4F5D-8055-8AD6745F3B84}.Release|Any CPU.Build.0 = Release|Any CPU
		{AB9E59B6-54CE-4F5D-8055-8AD6745F3B84}.Release|x64.ActiveCfg = Release|Any CPU
		{AB9E59B6-54CE-4F5D-8055-8AD6745F3B84}.Release|x64.Build.0 = Release|Any CPU
		{AB9E59B6-54CE-4F5D-8055-8AD6745F3B84}.Release|x86.ActiveCfg = Release|Any CPU
		{AB9E59B6-54CE-4F5D-8055-8AD6745F3B84}.Release|x86.Build.0 = Release|Any CPU
		{7FE58829-560E-4142-BF81-291A66D3844B}.Debug|Any CPU.ActiveCfg = Debug|Any CPU
		{7FE58829-560E-4142-BF81-291A66D3844B}.Debug|Any CPU.Build.0 = Debug|Any CPU
		{7FE58829-560E-4142-BF81-291A66D3844B}.Debug|x64.ActiveCfg = Debug|Any CPU
		{7FE58829-560E-4142-BF81-291A66D3844B}.Debug|x64.Build.0 = Debug|Any CPU
		{7FE58829-560E-4142-BF81-291A66D3844B}.Debug|x86.ActiveCfg = Debug|Any CPU
		{7FE58829-560E-4142-BF81-291A66D3844B}.Debug|x86.Build.0 = Debug|Any CPU
		{7FE58829-560E-4142-BF81-291A66D3844B}.Release|Any CPU.ActiveCfg = Release|Any CPU
		{7FE58829-560E-4142-BF81-291A66D3844B}.Release|Any CPU.Build.0 = Release|Any CPU
		{7FE58829-560E-4142-BF81-291A66D3844B}.Release|x64.ActiveCfg = Release|Any CPU
		{7FE58829-560E-4142-BF81-291A66D3844B}.Release|x64.Build.0 = Release|Any CPU
		{7FE58829-560E-4142-BF81-291A66D3844B}.Release|x86.ActiveCfg = Release|Any CPU
		{7FE58829-560E-4142-BF81-291A66D3844B}.Release|x86.Build.0 = Release|Any CPU
		{AB7195E3-A01D-4708-87AF-08E9418AE33F}.Debug|Any CPU.ActiveCfg = Debug|Any CPU
		{AB7195E3-A01D-4708-87AF-08E9418AE33F}.Debug|Any CPU.Build.0 = Debug|Any CPU
		{AB7195E3-A01D-4708-87AF-08E9418AE33F}.Debug|x64.ActiveCfg = Debug|Any CPU
		{AB7195E3-A01D-4708-87AF-08E9418AE33F}.Debug|x64.Build.0 = Debug|Any CPU
		{AB7195E3-A01D-4708-87AF-08E9418AE33F}.Debug|x86.ActiveCfg = Debug|Any CPU
		{AB7195E3-A01D-4708-87AF-08E9418AE33F}.Debug|x86.Build.0 = Debug|Any CPU
		{AB7195E3-A01D-4708-87AF-08E9418AE33F}.Release|Any CPU.ActiveCfg = Release|Any CPU
		{AB7195E3-A01D-4708-87AF-08E9418AE33F}.Release|Any CPU.Build.0 = Release|Any CPU
		{AB7195E3-A01D-4708-87AF-08E9418AE33F}.Release|x64.ActiveCfg = Release|Any CPU
		{AB7195E3-A01D-4708-87AF-08E9418AE33F}.Release|x64.Build.0 = Release|Any CPU
		{AB7195E3-A01D-4708-87AF-08E9418AE33F}.Release|x86.ActiveCfg = Release|Any CPU
		{AB7195E3-A01D-4708-87AF-08E9418AE33F}.Release|x86.Build.0 = Release|Any CPU
		{885E4A4A-CFCA-4F31-986E-AD04A8B60B60}.Debug|Any CPU.ActiveCfg = Debug|Any CPU
		{885E4A4A-CFCA-4F31-986E-AD04A8B60B60}.Debug|Any CPU.Build.0 = Debug|Any CPU
		{885E4A4A-CFCA-4F31-986E-AD04A8B60B60}.Debug|x64.ActiveCfg = Debug|Any CPU
		{885E4A4A-CFCA-4F31-986E-AD04A8B60B60}.Debug|x64.Build.0 = Debug|Any CPU
		{885E4A4A-CFCA-4F31-986E-AD04A8B60B60}.Debug|x86.ActiveCfg = Debug|Any CPU
		{885E4A4A-CFCA-4F31-986E-AD04A8B60B60}.Debug|x86.Build.0 = Debug|Any CPU
		{885E4A4A-CFCA-4F31-986E-AD04A8B60B60}.Release|Any CPU.ActiveCfg = Release|Any CPU
		{885E4A4A-CFCA-4F31-986E-AD04A8B60B60}.Release|Any CPU.Build.0 = Release|Any CPU
		{885E4A4A-CFCA-4F31-986E-AD04A8B60B60}.Release|x64.ActiveCfg = Release|Any CPU
		{885E4A4A-CFCA-4F31-986E-AD04A8B60B60}.Release|x64.Build.0 = Release|Any CPU
		{885E4A4A-CFCA-4F31-986E-AD04A8B60B60}.Release|x86.ActiveCfg = Release|Any CPU
		{885E4A4A-CFCA-4F31-986E-AD04A8B60B60}.Release|x86.Build.0 = Release|Any CPU
		{01DC8363-73BC-47FA-BD23-12AC45618E1D}.Debug|Any CPU.ActiveCfg = Debug|Any CPU
		{01DC8363-73BC-47FA-BD23-12AC45618E1D}.Debug|Any CPU.Build.0 = Debug|Any CPU
		{01DC8363-73BC-47FA-BD23-12AC45618E1D}.Debug|x64.ActiveCfg = Debug|Any CPU
		{01DC8363-73BC-47FA-BD23-12AC45618E1D}.Debug|x64.Build.0 = Debug|Any CPU
		{01DC8363-73BC-47FA-BD23-12AC45618E1D}.Debug|x86.ActiveCfg = Debug|Any CPU
		{01DC8363-73BC-47FA-BD23-12AC45618E1D}.Debug|x86.Build.0 = Debug|Any CPU
		{01DC8363-73BC-47FA-BD23-12AC45618E1D}.Release|Any CPU.ActiveCfg = Release|Any CPU
		{01DC8363-73BC-47FA-BD23-12AC45618E1D}.Release|Any CPU.Build.0 = Release|Any CPU
		{01DC8363-73BC-47FA-BD23-12AC45618E1D}.Release|x64.ActiveCfg = Release|Any CPU
		{01DC8363-73BC-47FA-BD23-12AC45618E1D}.Release|x64.Build.0 = Release|Any CPU
		{01DC8363-73BC-47FA-BD23-12AC45618E1D}.Release|x86.ActiveCfg = Release|Any CPU
		{01DC8363-73BC-47FA-BD23-12AC45618E1D}.Release|x86.Build.0 = Release|Any CPU
		{89B6DFE3-5FC4-461C-8D8A-7382AC89AD28}.Debug|Any CPU.ActiveCfg = Debug|Any CPU
		{89B6DFE3-5FC4-461C-8D8A-7382AC89AD28}.Debug|Any CPU.Build.0 = Debug|Any CPU
		{89B6DFE3-5FC4-461C-8D8A-7382AC89AD28}.Debug|x64.ActiveCfg = Debug|Any CPU
		{89B6DFE3-5FC4-461C-8D8A-7382AC89AD28}.Debug|x64.Build.0 = Debug|Any CPU
		{89B6DFE3-5FC4-461C-8D8A-7382AC89AD28}.Debug|x86.ActiveCfg = Debug|Any CPU
		{89B6DFE3-5FC4-461C-8D8A-7382AC89AD28}.Debug|x86.Build.0 = Debug|Any CPU
		{89B6DFE3-5FC4-461C-8D8A-7382AC89AD28}.Release|Any CPU.ActiveCfg = Release|Any CPU
		{89B6DFE3-5FC4-461C-8D8A-7382AC89AD28}.Release|Any CPU.Build.0 = Release|Any CPU
		{89B6DFE3-5FC4-461C-8D8A-7382AC89AD28}.Release|x64.ActiveCfg = Release|Any CPU
		{89B6DFE3-5FC4-461C-8D8A-7382AC89AD28}.Release|x64.Build.0 = Release|Any CPU
		{89B6DFE3-5FC4-461C-8D8A-7382AC89AD28}.Release|x86.ActiveCfg = Release|Any CPU
		{89B6DFE3-5FC4-461C-8D8A-7382AC89AD28}.Release|x86.Build.0 = Release|Any CPU
		{EB28AA55-C07A-4EE4-AAAE-49338F3590A6}.Debug|Any CPU.ActiveCfg = Debug|Any CPU
		{EB28AA55-C07A-4EE4-AAAE-49338F3590A6}.Debug|Any CPU.Build.0 = Debug|Any CPU
		{EB28AA55-C07A-4EE4-AAAE-49338F3590A6}.Debug|x64.ActiveCfg = Debug|Any CPU
		{EB28AA55-C07A-4EE4-AAAE-49338F3590A6}.Debug|x64.Build.0 = Debug|Any CPU
		{EB28AA55-C07A-4EE4-AAAE-49338F3590A6}.Debug|x86.ActiveCfg = Debug|Any CPU
		{EB28AA55-C07A-4EE4-AAAE-49338F3590A6}.Debug|x86.Build.0 = Debug|Any CPU
		{EB28AA55-C07A-4EE4-AAAE-49338F3590A6}.Release|Any CPU.ActiveCfg = Release|Any CPU
		{EB28AA55-C07A-4EE4-AAAE-49338F3590A6}.Release|Any CPU.Build.0 = Release|Any CPU
		{EB28AA55-C07A-4EE4-AAAE-49338F3590A6}.Release|x64.ActiveCfg = Release|Any CPU
		{EB28AA55-C07A-4EE4-AAAE-49338F3590A6}.Release|x64.Build.0 = Release|Any CPU
		{EB28AA55-C07A-4EE4-AAAE-49338F3590A6}.Release|x86.ActiveCfg = Release|Any CPU
		{EB28AA55-C07A-4EE4-AAAE-49338F3590A6}.Release|x86.Build.0 = Release|Any CPU
		{32273060-8BBE-4BB6-9198-50F9C680BE60}.Debug|Any CPU.ActiveCfg = Debug|Any CPU
		{32273060-8BBE-4BB6-9198-50F9C680BE60}.Debug|Any CPU.Build.0 = Debug|Any CPU
		{32273060-8BBE-4BB6-9198-50F9C680BE60}.Debug|x64.ActiveCfg = Debug|Any CPU
		{32273060-8BBE-4BB6-9198-50F9C680BE60}.Debug|x64.Build.0 = Debug|Any CPU
		{32273060-8BBE-4BB6-9198-50F9C680BE60}.Debug|x86.ActiveCfg = Debug|Any CPU
		{32273060-8BBE-4BB6-9198-50F9C680BE60}.Debug|x86.Build.0 = Debug|Any CPU
		{32273060-8BBE-4BB6-9198-50F9C680BE60}.Release|Any CPU.ActiveCfg = Release|Any CPU
		{32273060-8BBE-4BB6-9198-50F9C680BE60}.Release|Any CPU.Build.0 = Release|Any CPU
		{32273060-8BBE-4BB6-9198-50F9C680BE60}.Release|x64.ActiveCfg = Release|Any CPU
		{32273060-8BBE-4BB6-9198-50F9C680BE60}.Release|x64.Build.0 = Release|Any CPU
		{32273060-8BBE-4BB6-9198-50F9C680BE60}.Release|x86.ActiveCfg = Release|Any CPU
		{32273060-8BBE-4BB6-9198-50F9C680BE60}.Release|x86.Build.0 = Release|Any CPU
		{7E616C64-EAD7-458C-92AC-B50643E64D38}.Debug|Any CPU.ActiveCfg = Debug|Any CPU
		{7E616C64-EAD7-458C-92AC-B50643E64D38}.Debug|Any CPU.Build.0 = Debug|Any CPU
		{7E616C64-EAD7-458C-92AC-B50643E64D38}.Debug|x64.ActiveCfg = Debug|Any CPU
		{7E616C64-EAD7-458C-92AC-B50643E64D38}.Debug|x64.Build.0 = Debug|Any CPU
		{7E616C64-EAD7-458C-92AC-B50643E64D38}.Debug|x86.ActiveCfg = Debug|Any CPU
		{7E616C64-EAD7-458C-92AC-B50643E64D38}.Debug|x86.Build.0 = Debug|Any CPU
		{7E616C64-EAD7-458C-92AC-B50643E64D38}.Release|Any CPU.ActiveCfg = Release|Any CPU
		{7E616C64-EAD7-458C-92AC-B50643E64D38}.Release|Any CPU.Build.0 = Release|Any CPU
		{7E616C64-EAD7-458C-92AC-B50643E64D38}.Release|x64.ActiveCfg = Release|Any CPU
		{7E616C64-EAD7-458C-92AC-B50643E64D38}.Release|x64.Build.0 = Release|Any CPU
		{7E616C64-EAD7-458C-92AC-B50643E64D38}.Release|x86.ActiveCfg = Release|Any CPU
		{7E616C64-EAD7-458C-92AC-B50643E64D38}.Release|x86.Build.0 = Release|Any CPU
		{683CBD73-C7B8-4662-A9DE-96E434E167D5}.Debug|Any CPU.ActiveCfg = Debug|Any CPU
		{683CBD73-C7B8-4662-A9DE-96E434E167D5}.Debug|Any CPU.Build.0 = Debug|Any CPU
		{683CBD73-C7B8-4662-A9DE-96E434E167D5}.Debug|x64.ActiveCfg = Debug|Any CPU
		{683CBD73-C7B8-4662-A9DE-96E434E167D5}.Debug|x64.Build.0 = Debug|Any CPU
		{683CBD73-C7B8-4662-A9DE-96E434E167D5}.Debug|x86.ActiveCfg = Debug|Any CPU
		{683CBD73-C7B8-4662-A9DE-96E434E167D5}.Debug|x86.Build.0 = Debug|Any CPU
		{683CBD73-C7B8-4662-A9DE-96E434E167D5}.Release|Any CPU.ActiveCfg = Release|Any CPU
		{683CBD73-C7B8-4662-A9DE-96E434E167D5}.Release|Any CPU.Build.0 = Release|Any CPU
		{683CBD73-C7B8-4662-A9DE-96E434E167D5}.Release|x64.ActiveCfg = Release|Any CPU
		{683CBD73-C7B8-4662-A9DE-96E434E167D5}.Release|x64.Build.0 = Release|Any CPU
		{683CBD73-C7B8-4662-A9DE-96E434E167D5}.Release|x86.ActiveCfg = Release|Any CPU
		{683CBD73-C7B8-4662-A9DE-96E434E167D5}.Release|x86.Build.0 = Release|Any CPU
		{07D333BB-1BA9-4868-A8BD-0B8F9861E70F}.Debug|Any CPU.ActiveCfg = Debug|Any CPU
		{07D333BB-1BA9-4868-A8BD-0B8F9861E70F}.Debug|Any CPU.Build.0 = Debug|Any CPU
		{07D333BB-1BA9-4868-A8BD-0B8F9861E70F}.Debug|x64.ActiveCfg = Debug|Any CPU
		{07D333BB-1BA9-4868-A8BD-0B8F9861E70F}.Debug|x64.Build.0 = Debug|Any CPU
		{07D333BB-1BA9-4868-A8BD-0B8F9861E70F}.Debug|x86.ActiveCfg = Debug|Any CPU
		{07D333BB-1BA9-4868-A8BD-0B8F9861E70F}.Debug|x86.Build.0 = Debug|Any CPU
		{07D333BB-1BA9-4868-A8BD-0B8F9861E70F}.Release|Any CPU.ActiveCfg = Release|Any CPU
		{07D333BB-1BA9-4868-A8BD-0B8F9861E70F}.Release|Any CPU.Build.0 = Release|Any CPU
		{07D333BB-1BA9-4868-A8BD-0B8F9861E70F}.Release|x64.ActiveCfg = Release|Any CPU
		{07D333BB-1BA9-4868-A8BD-0B8F9861E70F}.Release|x64.Build.0 = Release|Any CPU
		{07D333BB-1BA9-4868-A8BD-0B8F9861E70F}.Release|x86.ActiveCfg = Release|Any CPU
		{07D333BB-1BA9-4868-A8BD-0B8F9861E70F}.Release|x86.Build.0 = Release|Any CPU
		{21F31760-D98D-41E6-BB7A-52619ED460C5}.Debug|Any CPU.ActiveCfg = Debug|Any CPU
		{21F31760-D98D-41E6-BB7A-52619ED460C5}.Debug|Any CPU.Build.0 = Debug|Any CPU
		{21F31760-D98D-41E6-BB7A-52619ED460C5}.Debug|x64.ActiveCfg = Debug|Any CPU
		{21F31760-D98D-41E6-BB7A-52619ED460C5}.Debug|x64.Build.0 = Debug|Any CPU
		{21F31760-D98D-41E6-BB7A-52619ED460C5}.Debug|x86.ActiveCfg = Debug|Any CPU
		{21F31760-D98D-41E6-BB7A-52619ED460C5}.Debug|x86.Build.0 = Debug|Any CPU
		{21F31760-D98D-41E6-BB7A-52619ED460C5}.Release|Any CPU.ActiveCfg = Release|Any CPU
		{21F31760-D98D-41E6-BB7A-52619ED460C5}.Release|Any CPU.Build.0 = Release|Any CPU
		{21F31760-D98D-41E6-BB7A-52619ED460C5}.Release|x64.ActiveCfg = Release|Any CPU
		{21F31760-D98D-41E6-BB7A-52619ED460C5}.Release|x64.Build.0 = Release|Any CPU
		{21F31760-D98D-41E6-BB7A-52619ED460C5}.Release|x86.ActiveCfg = Release|Any CPU
		{21F31760-D98D-41E6-BB7A-52619ED460C5}.Release|x86.Build.0 = Release|Any CPU
		{DCD83A54-54DA-4131-A852-2A129DB3ACB8}.Debug|Any CPU.ActiveCfg = Debug|Any CPU
		{DCD83A54-54DA-4131-A852-2A129DB3ACB8}.Debug|Any CPU.Build.0 = Debug|Any CPU
		{DCD83A54-54DA-4131-A852-2A129DB3ACB8}.Debug|x64.ActiveCfg = Debug|Any CPU
		{DCD83A54-54DA-4131-A852-2A129DB3ACB8}.Debug|x64.Build.0 = Debug|Any CPU
		{DCD83A54-54DA-4131-A852-2A129DB3ACB8}.Debug|x86.ActiveCfg = Debug|Any CPU
		{DCD83A54-54DA-4131-A852-2A129DB3ACB8}.Debug|x86.Build.0 = Debug|Any CPU
		{DCD83A54-54DA-4131-A852-2A129DB3ACB8}.Release|Any CPU.ActiveCfg = Release|Any CPU
		{DCD83A54-54DA-4131-A852-2A129DB3ACB8}.Release|Any CPU.Build.0 = Release|Any CPU
		{DCD83A54-54DA-4131-A852-2A129DB3ACB8}.Release|x64.ActiveCfg = Release|Any CPU
		{DCD83A54-54DA-4131-A852-2A129DB3ACB8}.Release|x64.Build.0 = Release|Any CPU
		{DCD83A54-54DA-4131-A852-2A129DB3ACB8}.Release|x86.ActiveCfg = Release|Any CPU
		{DCD83A54-54DA-4131-A852-2A129DB3ACB8}.Release|x86.Build.0 = Release|Any CPU
		{8380D3D7-3A17-42DE-96BE-721A83AD8E2E}.Debug|Any CPU.ActiveCfg = Debug|Any CPU
		{8380D3D7-3A17-42DE-96BE-721A83AD8E2E}.Debug|Any CPU.Build.0 = Debug|Any CPU
		{8380D3D7-3A17-42DE-96BE-721A83AD8E2E}.Debug|x64.ActiveCfg = Debug|Any CPU
		{8380D3D7-3A17-42DE-96BE-721A83AD8E2E}.Debug|x64.Build.0 = Debug|Any CPU
		{8380D3D7-3A17-42DE-96BE-721A83AD8E2E}.Debug|x86.ActiveCfg = Debug|Any CPU
		{8380D3D7-3A17-42DE-96BE-721A83AD8E2E}.Debug|x86.Build.0 = Debug|Any CPU
		{8380D3D7-3A17-42DE-96BE-721A83AD8E2E}.Release|Any CPU.ActiveCfg = Release|Any CPU
		{8380D3D7-3A17-42DE-96BE-721A83AD8E2E}.Release|Any CPU.Build.0 = Release|Any CPU
		{8380D3D7-3A17-42DE-96BE-721A83AD8E2E}.Release|x64.ActiveCfg = Release|Any CPU
		{8380D3D7-3A17-42DE-96BE-721A83AD8E2E}.Release|x64.Build.0 = Release|Any CPU
		{8380D3D7-3A17-42DE-96BE-721A83AD8E2E}.Release|x86.ActiveCfg = Release|Any CPU
		{8380D3D7-3A17-42DE-96BE-721A83AD8E2E}.Release|x86.Build.0 = Release|Any CPU
		{BB5FF97B-A758-40B1-B3FF-2DC1980BA3CB}.Debug|Any CPU.ActiveCfg = Debug|Any CPU
		{BB5FF97B-A758-40B1-B3FF-2DC1980BA3CB}.Debug|Any CPU.Build.0 = Debug|Any CPU
		{BB5FF97B-A758-40B1-B3FF-2DC1980BA3CB}.Debug|x64.ActiveCfg = Debug|Any CPU
		{BB5FF97B-A758-40B1-B3FF-2DC1980BA3CB}.Debug|x64.Build.0 = Debug|Any CPU
		{BB5FF97B-A758-40B1-B3FF-2DC1980BA3CB}.Debug|x86.ActiveCfg = Debug|Any CPU
		{BB5FF97B-A758-40B1-B3FF-2DC1980BA3CB}.Debug|x86.Build.0 = Debug|Any CPU
		{BB5FF97B-A758-40B1-B3FF-2DC1980BA3CB}.Release|Any CPU.ActiveCfg = Release|Any CPU
		{BB5FF97B-A758-40B1-B3FF-2DC1980BA3CB}.Release|Any CPU.Build.0 = Release|Any CPU
		{BB5FF97B-A758-40B1-B3FF-2DC1980BA3CB}.Release|x64.ActiveCfg = Release|Any CPU
		{BB5FF97B-A758-40B1-B3FF-2DC1980BA3CB}.Release|x64.Build.0 = Release|Any CPU
		{BB5FF97B-A758-40B1-B3FF-2DC1980BA3CB}.Release|x86.ActiveCfg = Release|Any CPU
		{BB5FF97B-A758-40B1-B3FF-2DC1980BA3CB}.Release|x86.Build.0 = Release|Any CPU
		{272A1545-50DB-4FF8-958F-7A2BB29D9CB7}.Debug|Any CPU.ActiveCfg = Debug|Any CPU
		{272A1545-50DB-4FF8-958F-7A2BB29D9CB7}.Debug|Any CPU.Build.0 = Debug|Any CPU
		{272A1545-50DB-4FF8-958F-7A2BB29D9CB7}.Debug|x64.ActiveCfg = Debug|Any CPU
		{272A1545-50DB-4FF8-958F-7A2BB29D9CB7}.Debug|x64.Build.0 = Debug|Any CPU
		{272A1545-50DB-4FF8-958F-7A2BB29D9CB7}.Debug|x86.ActiveCfg = Debug|Any CPU
		{272A1545-50DB-4FF8-958F-7A2BB29D9CB7}.Debug|x86.Build.0 = Debug|Any CPU
		{272A1545-50DB-4FF8-958F-7A2BB29D9CB7}.Release|Any CPU.ActiveCfg = Release|Any CPU
		{272A1545-50DB-4FF8-958F-7A2BB29D9CB7}.Release|Any CPU.Build.0 = Release|Any CPU
		{272A1545-50DB-4FF8-958F-7A2BB29D9CB7}.Release|x64.ActiveCfg = Release|Any CPU
		{272A1545-50DB-4FF8-958F-7A2BB29D9CB7}.Release|x64.Build.0 = Release|Any CPU
		{272A1545-50DB-4FF8-958F-7A2BB29D9CB7}.Release|x86.ActiveCfg = Release|Any CPU
		{272A1545-50DB-4FF8-958F-7A2BB29D9CB7}.Release|x86.Build.0 = Release|Any CPU
		{EE543183-CD9C-4AED-A5F8-12CBCBDBB3C4}.Debug|Any CPU.ActiveCfg = Debug|Any CPU
		{EE543183-CD9C-4AED-A5F8-12CBCBDBB3C4}.Debug|Any CPU.Build.0 = Debug|Any CPU
		{EE543183-CD9C-4AED-A5F8-12CBCBDBB3C4}.Debug|x64.ActiveCfg = Debug|Any CPU
		{EE543183-CD9C-4AED-A5F8-12CBCBDBB3C4}.Debug|x64.Build.0 = Debug|Any CPU
		{EE543183-CD9C-4AED-A5F8-12CBCBDBB3C4}.Debug|x86.ActiveCfg = Debug|Any CPU
		{EE543183-CD9C-4AED-A5F8-12CBCBDBB3C4}.Debug|x86.Build.0 = Debug|Any CPU
		{EE543183-CD9C-4AED-A5F8-12CBCBDBB3C4}.Release|Any CPU.ActiveCfg = Release|Any CPU
		{EE543183-CD9C-4AED-A5F8-12CBCBDBB3C4}.Release|Any CPU.Build.0 = Release|Any CPU
		{EE543183-CD9C-4AED-A5F8-12CBCBDBB3C4}.Release|x64.ActiveCfg = Release|Any CPU
		{EE543183-CD9C-4AED-A5F8-12CBCBDBB3C4}.Release|x64.Build.0 = Release|Any CPU
		{EE543183-CD9C-4AED-A5F8-12CBCBDBB3C4}.Release|x86.ActiveCfg = Release|Any CPU
		{EE543183-CD9C-4AED-A5F8-12CBCBDBB3C4}.Release|x86.Build.0 = Release|Any CPU
		{150B9D9D-3E76-40D2-A265-1AD829390598}.Debug|Any CPU.ActiveCfg = Debug|Any CPU
		{150B9D9D-3E76-40D2-A265-1AD829390598}.Debug|Any CPU.Build.0 = Debug|Any CPU
		{150B9D9D-3E76-40D2-A265-1AD829390598}.Debug|x64.ActiveCfg = Debug|Any CPU
		{150B9D9D-3E76-40D2-A265-1AD829390598}.Debug|x64.Build.0 = Debug|Any CPU
		{150B9D9D-3E76-40D2-A265-1AD829390598}.Debug|x86.ActiveCfg = Debug|Any CPU
		{150B9D9D-3E76-40D2-A265-1AD829390598}.Debug|x86.Build.0 = Debug|Any CPU
		{150B9D9D-3E76-40D2-A265-1AD829390598}.Release|Any CPU.ActiveCfg = Release|Any CPU
		{150B9D9D-3E76-40D2-A265-1AD829390598}.Release|Any CPU.Build.0 = Release|Any CPU
		{150B9D9D-3E76-40D2-A265-1AD829390598}.Release|x64.ActiveCfg = Release|Any CPU
		{150B9D9D-3E76-40D2-A265-1AD829390598}.Release|x64.Build.0 = Release|Any CPU
		{150B9D9D-3E76-40D2-A265-1AD829390598}.Release|x86.ActiveCfg = Release|Any CPU
		{150B9D9D-3E76-40D2-A265-1AD829390598}.Release|x86.Build.0 = Release|Any CPU
		{8A086B12-CD59-4B37-89DB-499820D9435D}.Debug|Any CPU.ActiveCfg = Debug|x86
		{8A086B12-CD59-4B37-89DB-499820D9435D}.Debug|x64.ActiveCfg = Debug|x86
		{8A086B12-CD59-4B37-89DB-499820D9435D}.Debug|x86.ActiveCfg = Debug|x86
		{8A086B12-CD59-4B37-89DB-499820D9435D}.Release|Any CPU.ActiveCfg = Release|x86
		{8A086B12-CD59-4B37-89DB-499820D9435D}.Release|Any CPU.Build.0 = Release|x86
		{8A086B12-CD59-4B37-89DB-499820D9435D}.Release|x64.ActiveCfg = Release|x86
		{8A086B12-CD59-4B37-89DB-499820D9435D}.Release|x86.ActiveCfg = Release|x86
		{8A086B12-CD59-4B37-89DB-499820D9435D}.Release|x86.Build.0 = Release|x86
		{EA268022-DB48-4958-BF9E-A29BF90F51D2}.Debug|Any CPU.ActiveCfg = Debug|Any CPU
		{EA268022-DB48-4958-BF9E-A29BF90F51D2}.Debug|Any CPU.Build.0 = Debug|Any CPU
		{EA268022-DB48-4958-BF9E-A29BF90F51D2}.Debug|x64.ActiveCfg = Debug|Any CPU
		{EA268022-DB48-4958-BF9E-A29BF90F51D2}.Debug|x64.Build.0 = Debug|Any CPU
		{EA268022-DB48-4958-BF9E-A29BF90F51D2}.Debug|x86.ActiveCfg = Debug|Any CPU
		{EA268022-DB48-4958-BF9E-A29BF90F51D2}.Debug|x86.Build.0 = Debug|Any CPU
		{EA268022-DB48-4958-BF9E-A29BF90F51D2}.Release|Any CPU.ActiveCfg = Release|Any CPU
		{EA268022-DB48-4958-BF9E-A29BF90F51D2}.Release|Any CPU.Build.0 = Release|Any CPU
		{EA268022-DB48-4958-BF9E-A29BF90F51D2}.Release|x64.ActiveCfg = Release|Any CPU
		{EA268022-DB48-4958-BF9E-A29BF90F51D2}.Release|x64.Build.0 = Release|Any CPU
		{EA268022-DB48-4958-BF9E-A29BF90F51D2}.Release|x86.ActiveCfg = Release|Any CPU
		{EA268022-DB48-4958-BF9E-A29BF90F51D2}.Release|x86.Build.0 = Release|Any CPU
		{54177AEF-1D6D-42EE-8922-3630413917EA}.Debug|Any CPU.ActiveCfg = Debug|Any CPU
		{54177AEF-1D6D-42EE-8922-3630413917EA}.Debug|Any CPU.Build.0 = Debug|Any CPU
		{54177AEF-1D6D-42EE-8922-3630413917EA}.Debug|x64.ActiveCfg = Debug|Any CPU
		{54177AEF-1D6D-42EE-8922-3630413917EA}.Debug|x64.Build.0 = Debug|Any CPU
		{54177AEF-1D6D-42EE-8922-3630413917EA}.Debug|x86.ActiveCfg = Debug|Any CPU
		{54177AEF-1D6D-42EE-8922-3630413917EA}.Debug|x86.Build.0 = Debug|Any CPU
		{54177AEF-1D6D-42EE-8922-3630413917EA}.Release|Any CPU.ActiveCfg = Release|Any CPU
		{54177AEF-1D6D-42EE-8922-3630413917EA}.Release|Any CPU.Build.0 = Release|Any CPU
		{54177AEF-1D6D-42EE-8922-3630413917EA}.Release|x64.ActiveCfg = Release|Any CPU
		{54177AEF-1D6D-42EE-8922-3630413917EA}.Release|x64.Build.0 = Release|Any CPU
		{54177AEF-1D6D-42EE-8922-3630413917EA}.Release|x86.ActiveCfg = Release|Any CPU
		{54177AEF-1D6D-42EE-8922-3630413917EA}.Release|x86.Build.0 = Release|Any CPU
		{F2668943-4334-44BB-B80B-FEAA009599DB}.Debug|Any CPU.ActiveCfg = Debug|Any CPU
		{F2668943-4334-44BB-B80B-FEAA009599DB}.Debug|x64.ActiveCfg = Debug|Any CPU
		{F2668943-4334-44BB-B80B-FEAA009599DB}.Debug|x64.Build.0 = Debug|Any CPU
		{F2668943-4334-44BB-B80B-FEAA009599DB}.Debug|x86.ActiveCfg = Debug|Any CPU
		{F2668943-4334-44BB-B80B-FEAA009599DB}.Release|Any CPU.ActiveCfg = Release|Any CPU
		{F2668943-4334-44BB-B80B-FEAA009599DB}.Release|Any CPU.Build.0 = Release|Any CPU
		{F2668943-4334-44BB-B80B-FEAA009599DB}.Release|x64.ActiveCfg = Release|Any CPU
		{F2668943-4334-44BB-B80B-FEAA009599DB}.Release|x64.Build.0 = Release|Any CPU
		{F2668943-4334-44BB-B80B-FEAA009599DB}.Release|x86.ActiveCfg = Release|Any CPU
		{F2668943-4334-44BB-B80B-FEAA009599DB}.Release|x86.Build.0 = Release|Any CPU
		{F2668943-4334-44BB-B80B-FEAA009599DB}.SignedRelease|Any CPU.ActiveCfg = Release|Any CPU
		{F2668943-4334-44BB-B80B-FEAA009599DB}.SignedRelease|Any CPU.Build.0 = Release|Any CPU
		{F2668943-4334-44BB-B80B-FEAA009599DB}.SignedRelease|x64.ActiveCfg = Release|Any CPU
		{F2668943-4334-44BB-B80B-FEAA009599DB}.SignedRelease|x64.Build.0 = Release|Any CPU
		{F2668943-4334-44BB-B80B-FEAA009599DB}.SignedRelease|x86.ActiveCfg = Release|Any CPU
		{F2668943-4334-44BB-B80B-FEAA009599DB}.SignedRelease|x86.Build.0 = Release|Any CPU
	EndGlobalSection
	GlobalSection(SolutionProperties) = preSolution
		HideSolutionNode = FALSE
	EndGlobalSection
	GlobalSection(ExtensibilityGlobals) = postSolution
		SolutionGuid = {76C55C68-CF02-43A6-A323-F15B34D4F86A}
	EndGlobalSection
	GlobalSection(Performance) = preSolution
		HasPerformanceSessions = true
	EndGlobalSection
EndGlobal
